uuid: 469cc58b-f2e8-4e23-b3b0-4a8be0a0c009
langcode: en
status: false
dependencies: {  }
active_version: 9eea215a62e33427
versioned_properties:
  active:
    settings:
      default_settings:
        id: page_title_block
        label: 'Page title'
        label_display: '0'
        provider: core
    fallback_metadata:
      slot_definitions: null
label: 'Page title'
id: block.page_title_block
provider: core
source: block
source_local_id: page_title_block
